
Microsoft Visual Studio Solution File, Format Version 12.00
# Visual Studio 15
VisualStudioVersion = 15.0.28307.168
MinimumVisualStudioVersion = 10.0.40219.1
Project("{262852C6-CD72-467D-83FE-5EEB1973A190}") = "C0741277", "C0741277\C0741277.jsproj", "{F84E6C98-C9DA-44E0-96FB-7B39F9672BBC}"
EndProject
Global
	GlobalSection(SolutionConfigurationPlatforms) = preSolution
		Debug|Any CPU = Debug|Any CPU
		Debug|ARM = Debug|ARM
		Debug|ARM64 = Debug|ARM64
		Debug|x64 = Debug|x64
		Debug|x86 = Debug|x86
		Release|Any CPU = Release|Any CPU
		Release|ARM = Release|ARM
		Release|ARM64 = Release|ARM64
		Release|x64 = Release|x64
		Release|x86 = Release|x86
	EndGlobalSection
	GlobalSection(ProjectConfigurationPlatforms) = postSolution
		{F84E6C98-C9DA-44E0-96FB-7B39F9672BBC}.Debug|Any CPU.ActiveCfg = Debug|Any CPU
		{F84E6C98-C9DA-44E0-96FB-7B39F9672BBC}.Debug|Any CPU.Build.0 = Debug|Any CPU
		{F84E6C98-C9DA-44E0-96FB-7B39F9672BBC}.Debug|Any CPU.Deploy.0 = Debug|Any CPU
		{F84E6C98-C9DA-44E0-96FB-7B39F9672BBC}.Debug|ARM.ActiveCfg = Debug|ARM
		{F84E6C98-C9DA-44E0-96FB-7B39F9672BBC}.Debug|ARM.Build.0 = Debug|ARM
		{F84E6C98-C9DA-44E0-96FB-7B39F9672BBC}.Debug|ARM.Deploy.0 = Debug|ARM
		{F84E6C98-C9DA-44E0-96FB-7B39F9672BBC}.Debug|ARM64.ActiveCfg = Debug|ARM64
		{F84E6C98-C9DA-44E0-96FB-7B39F9672BBC}.Debug|ARM64.Build.0 = Debug|ARM64
		{F84E6C98-C9DA-44E0-96FB-7B39F9672BBC}.Debug|ARM64.Deploy.0 = Debug|ARM64
		{F84E6C98-C9DA-44E0-96FB-7B39F9672BBC}.Debug|x64.ActiveCfg = Debug|x64
		{F84E6C98-C9DA-44E0-96FB-7B39F9672BBC}.Debug|x64.Build.0 = Debug|x64
		{F84E6C98-C9DA-44E0-96FB-7B39F9672BBC}.Debug|x64.Deploy.0 = Debug|x64
		{F84E6C98-C9DA-44E0-96FB-7B39F9672BBC}.Debug|x86.ActiveCfg = Debug|x86
		{F84E6C98-C9DA-44E0-96FB-7B39F9672BBC}.Debug|x86.Build.0 = Debug|x86
		{F84E6C98-C9DA-44E0-96FB-7B39F9672BBC}.Debug|x86.Deploy.0 = Debug|x86
		{F84E6C98-C9DA-44E0-96FB-7B39F9672BBC}.Release|Any CPU.ActiveCfg = Release|Any CPU
		{F84E6C98-C9DA-44E0-96FB-7B39F9672BBC}.Release|Any CPU.Build.0 = Release|Any CPU
		{F84E6C98-C9DA-44E0-96FB-7B39F9672BBC}.Release|Any CPU.Deploy.0 = Release|Any CPU
		{F84E6C98-C9DA-44E0-96FB-7B39F9672BBC}.Release|ARM.ActiveCfg = Release|ARM
		{F84E6C98-C9DA-44E0-96FB-7B39F9672BBC}.Release|ARM.Build.0 = Release|ARM
		{F84E6C98-C9DA-44E0-96FB-7B39F9672BBC}.Release|ARM.Deploy.0 = Release|ARM
		{F84E6C98-C9DA-44E0-96FB-7B39F9672BBC}.Release|ARM64.ActiveCfg = Release|ARM64
		{F84E6C98-C9DA-44E0-96FB-7B39F9672BBC}.Release|ARM64.Build.0 = Release|ARM64
		{F84E6C98-C9DA-44E0-96FB-7B39F9672BBC}.Release|ARM64.Deploy.0 = Release|ARM64
		{F84E6C98-C9DA-44E0-96FB-7B39F9672BBC}.Release|x64.ActiveCfg = Release|x64
		{F84E6C98-C9DA-44E0-96FB-7B39F9672BBC}.Release|x64.Build.0 = Release|x64
		{F84E6C98-C9DA-44E0-96FB-7B39F9672BBC}.Release|x64.Deploy.0 = Release|x64
		{F84E6C98-C9DA-44E0-96FB-7B39F9672BBC}.Release|x86.ActiveCfg = Release|x86
		{F84E6C98-C9DA-44E0-96FB-7B39F9672BBC}.Release|x86.Build.0 = Release|x86
		{F84E6C98-C9DA-44E0-96FB-7B39F9672BBC}.Release|x86.Deploy.0 = Release|x86
	EndGlobalSection
	GlobalSection(SolutionProperties) = preSolution
		HideSolutionNode = FALSE
	EndGlobalSection
	GlobalSection(ExtensibilityGlobals) = postSolution
		SolutionGuid = {08CE21CA-F722-4E16-9B2A-F0DA19142B98}
	EndGlobalSection
EndGlobal
